// !$*UTF8*$!
{
	archiveVersion = 1;
	classes = {
	};
	objectVersion = 56;
	objects = {

/* Begin PBXBuildFile section */
		651A97CC2C942D2000750914 /* PhotoEditorApp.swift in Sources */ = {isa = PBXBuildFile; fileRef = 651A97CB2C942D2000750914 /* PhotoEditorApp.swift */; };
		651A97CE2C942D2000750914 /* AuthorizationView.swift in Sources */ = {isa = PBXBuildFile; fileRef = 651A97CD2C942D2000750914 /* AuthorizationView.swift */; };
		651A97D02C942D2200750914 /* Assets.xcassets in Resources */ = {isa = PBXBuildFile; fileRef = 651A97CF2C942D2200750914 /* Assets.xcassets */; };
		651A97DA2C9448FC00750914 /* AuthorizationViewModel.swift in Sources */ = {isa = PBXBuildFile; fileRef = 651A97D92C9448FC00750914 /* AuthorizationViewModel.swift */; };
		651A97DD2C944E2000750914 /* FirebaseAuth in Frameworks */ = {isa = PBXBuildFile; productRef = 651A97DC2C944E2000750914 /* FirebaseAuth */; };
		651A97DF2C94529400750914 /* GoogleService-Info.plist in Resources */ = {isa = PBXBuildFile; fileRef = 651A97DE2C94529400750914 /* GoogleService-Info.plist */; };
		651A97E12C947AAB00750914 /* Modifiers.swift in Sources */ = {isa = PBXBuildFile; fileRef = 651A97E02C947AAB00750914 /* Modifiers.swift */; };
		651A97E42C9771AC00750914 /* GoogleSignIn in Frameworks */ = {isa = PBXBuildFile; productRef = 651A97E32C9771AC00750914 /* GoogleSignIn */; };
		651A97E62C9771AC00750914 /* GoogleSignInSwift in Frameworks */ = {isa = PBXBuildFile; productRef = 651A97E52C9771AC00750914 /* GoogleSignInSwift */; };
		651A97E82C980E6A00750914 /* AlertError.swift in Sources */ = {isa = PBXBuildFile; fileRef = 651A97E72C980E6A00750914 /* AlertError.swift */; };
		651A97EB2C9843B100750914 /* EditorView.swift in Sources */ = {isa = PBXBuildFile; fileRef = 651A97EA2C9843B100750914 /* EditorView.swift */; };
		65B9BA612C98DED7006F3374 /* CanvasView.swift in Sources */ = {isa = PBXBuildFile; fileRef = 65B9BA602C98DED7006F3374 /* CanvasView.swift */; };
		65B9BA632C98DF5E006F3374 /* ImageEditingViewModel.swift in Sources */ = {isa = PBXBuildFile; fileRef = 65B9BA622C98DF5E006F3374 /* ImageEditingViewModel.swift */; };
		65B9BA672C99763D006F3374 /* AccessCameraView.swift in Sources */ = {isa = PBXBuildFile; fileRef = 65B9BA662C99763D006F3374 /* AccessCameraView.swift */; };
		65B9BA692C997ADD006F3374 /* ImageFilterView.swift in Sources */ = {isa = PBXBuildFile; fileRef = 65B9BA682C997ADD006F3374 /* ImageFilterView.swift */; };
		65B9BA6B2C997AFB006F3374 /* ImageFilterViewModel.swift in Sources */ = {isa = PBXBuildFile; fileRef = 65B9BA6A2C997AFB006F3374 /* ImageFilterViewModel.swift */; };
/* End PBXBuildFile section */

/* Begin PBXFileReference section */
		651A97C82C942D2000750914 /* PhotoEditor.app */ = {isa = PBXFileReference; explicitFileType = wrapper.application; includeInIndex = 0; path = PhotoEditor.app; sourceTree = BUILT_PRODUCTS_DIR; };
		651A97CB2C942D2000750914 /* PhotoEditorApp.swift */ = {isa = PBXFileReference; lastKnownFileType = sourcecode.swift; path = PhotoEditorApp.swift; sourceTree = "<group>"; };
		651A97CD2C942D2000750914 /* AuthorizationView.swift */ = {isa = PBXFileReference; lastKnownFileType = sourcecode.swift; path = AuthorizationView.swift; sourceTree = "<group>"; };
		651A97CF2C942D2200750914 /* Assets.xcassets */ = {isa = PBXFileReference; lastKnownFileType = folder.assetcatalog; path = Assets.xcassets; sourceTree = "<group>"; };
		651A97D92C9448FC00750914 /* AuthorizationViewModel.swift */ = {isa = PBXFileReference; lastKnownFileType = sourcecode.swift; path = AuthorizationViewModel.swift; sourceTree = "<group>"; };
		651A97DE2C94529400750914 /* GoogleService-Info.plist */ = {isa = PBXFileReference; fileEncoding = 4; lastKnownFileType = text.plist.xml; path = "GoogleService-Info.plist"; sourceTree = "<group>"; };
		651A97E02C947AAB00750914 /* Modifiers.swift */ = {isa = PBXFileReference; lastKnownFileType = sourcecode.swift; path = Modifiers.swift; sourceTree = "<group>"; };
		651A97E72C980E6A00750914 /* AlertError.swift */ = {isa = PBXFileReference; lastKnownFileType = sourcecode.swift; path = AlertError.swift; sourceTree = "<group>"; };
		651A97E92C9822FD00750914 /* Info.plist */ = {isa = PBXFileReference; lastKnownFileType = text.plist; path = Info.plist; sourceTree = "<group>"; };
		651A97EA2C9843B100750914 /* EditorView.swift */ = {isa = PBXFileReference; lastKnownFileType = sourcecode.swift; path = EditorView.swift; sourceTree = "<group>"; };
		65B9BA602C98DED7006F3374 /* CanvasView.swift */ = {isa = PBXFileReference; lastKnownFileType = sourcecode.swift; path = CanvasView.swift; sourceTree = "<group>"; };
		65B9BA622C98DF5E006F3374 /* ImageEditingViewModel.swift */ = {isa = PBXFileReference; lastKnownFileType = sourcecode.swift; path = ImageEditingViewModel.swift; sourceTree = "<group>"; };
		65B9BA662C99763D006F3374 /* AccessCameraView.swift */ = {isa = PBXFileReference; lastKnownFileType = sourcecode.swift; path = AccessCameraView.swift; sourceTree = "<group>"; };
		65B9BA682C997ADD006F3374 /* ImageFilterView.swift */ = {isa = PBXFileReference; lastKnownFileType = sourcecode.swift; path = ImageFilterView.swift; sourceTree = "<group>"; };
		65B9BA6A2C997AFB006F3374 /* ImageFilterViewModel.swift */ = {isa = PBXFileReference; lastKnownFileType = sourcecode.swift; path = ImageFilterViewModel.swift; sourceTree = "<group>"; };
/* End PBXFileReference section */

/* Begin PBXFrameworksBuildPhase section */
		651A97C52C942D2000750914 /* Frameworks */ = {
			isa = PBXFrameworksBuildPhase;
			buildActionMask = 2147483647;
			files = (
				651A97E62C9771AC00750914 /* GoogleSignInSwift in Frameworks */,
				651A97DD2C944E2000750914 /* FirebaseAuth in Frameworks */,
				651A97E42C9771AC00750914 /* GoogleSignIn in Frameworks */,
			);
			runOnlyForDeploymentPostprocessing = 0;
		};
/* End PBXFrameworksBuildPhase section */

/* Begin PBXGroup section */
		651A97BF2C942D2000750914 = {
			isa = PBXGroup;
			children = (
				651A97CA2C942D2000750914 /* PhotoEditor */,
				651A97C92C942D2000750914 /* Products */,
			);
			sourceTree = "<group>";
		};
		651A97C92C942D2000750914 /* Products */ = {
			isa = PBXGroup;
			children = (
				651A97C82C942D2000750914 /* PhotoEditor.app */,
			);
			name = Products;
			sourceTree = "<group>";
		};
		651A97CA2C942D2000750914 /* PhotoEditor */ = {
			isa = PBXGroup;
			children = (
				651A97CB2C942D2000750914 /* PhotoEditorApp.swift */,
				651A97E92C9822FD00750914 /* Info.plist */,
				651A97DE2C94529400750914 /* GoogleService-Info.plist */,
				651A97CF2C942D2200750914 /* Assets.xcassets */,
				651A97F12C9881D000750914 /* Authorization */,
				651A97F22C9883EA00750914 /* Editor */,
				651A97E02C947AAB00750914 /* Modifiers.swift */,
			);
			path = PhotoEditor;
			sourceTree = "<group>";
		};
		651A97F12C9881D000750914 /* Authorization */ = {
			isa = PBXGroup;
			children = (
				651A97CD2C942D2000750914 /* AuthorizationView.swift */,
				651A97D92C9448FC00750914 /* AuthorizationViewModel.swift */,
				651A97E72C980E6A00750914 /* AlertError.swift */,
			);
			path = Authorization;
			sourceTree = "<group>";
		};
		651A97F22C9883EA00750914 /* Editor */ = {
			isa = PBXGroup;
			children = (
				651A97EA2C9843B100750914 /* EditorView.swift */,
				65B9BA682C997ADD006F3374 /* ImageFilterView.swift */,
				65B9BA6A2C997AFB006F3374 /* ImageFilterViewModel.swift */,
				65B9BA662C99763D006F3374 /* AccessCameraView.swift */,
				65B9BA602C98DED7006F3374 /* CanvasView.swift */,
				65B9BA622C98DF5E006F3374 /* ImageEditingViewModel.swift */,
			);
			path = Editor;
			sourceTree = "<group>";
		};
/* End PBXGroup section */

/* Begin PBXNativeTarget section */
		651A97C72C942D2000750914 /* PhotoEditor */ = {
			isa = PBXNativeTarget;
			buildConfigurationList = 651A97D62C942D2200750914 /* Build configuration list for PBXNativeTarget "PhotoEditor" */;
			buildPhases = (
				651A97C42C942D2000750914 /* Sources */,
				651A97C52C942D2000750914 /* Frameworks */,
				651A97C62C942D2000750914 /* Resources */,
			);
			buildRules = (
			);
			dependencies = (
			);
			name = PhotoEditor;
			packageProductDependencies = (
				651A97DC2C944E2000750914 /* FirebaseAuth */,
				651A97E32C9771AC00750914 /* GoogleSignIn */,
				651A97E52C9771AC00750914 /* GoogleSignInSwift */,
			);
			productName = PhotoEditor;
			productReference = 651A97C82C942D2000750914 /* PhotoEditor.app */;
			productType = "com.apple.product-type.application";
		};
/* End PBXNativeTarget section */

/* Begin PBXProject section */
		651A97C02C942D2000750914 /* Project object */ = {
			isa = PBXProject;
			attributes = {
				BuildIndependentTargetsInParallel = 1;
				LastSwiftUpdateCheck = 1540;
				LastUpgradeCheck = 1540;
				TargetAttributes = {
					651A97C72C942D2000750914 = {
						CreatedOnToolsVersion = 15.4;
					};
				};
			};
			buildConfigurationList = 651A97C32C942D2000750914 /* Build configuration list for PBXProject "PhotoEditor" */;
			compatibilityVersion = "Xcode 14.0";
			developmentRegion = en;
			hasScannedForEncodings = 0;
			knownRegions = (
				en,
				Base,
			);
			mainGroup = 651A97BF2C942D2000750914;
			packageReferences = (
				651A97DB2C944E2000750914 /* XCRemoteSwiftPackageReference "firebase-ios-sdk" */,
				651A97E22C9771AC00750914 /* XCRemoteSwiftPackageReference "GoogleSignIn-iOS" */,
			);
			productRefGroup = 651A97C92C942D2000750914 /* Products */;
			projectDirPath = "";
			projectRoot = "";
			targets = (
				651A97C72C942D2000750914 /* PhotoEditor */,
			);
		};
/* End PBXProject section */

/* Begin PBXResourcesBuildPhase section */
		651A97C62C942D2000750914 /* Resources */ = {
			isa = PBXResourcesBuildPhase;
			buildActionMask = 2147483647;
			files = (
				651A97D02C942D2200750914 /* Assets.xcassets in Resources */,
				651A97DF2C94529400750914 /* GoogleService-Info.plist in Resources */,
			);
			runOnlyForDeploymentPostprocessing = 0;
		};
/* End PBXResourcesBuildPhase section */

/* Begin PBXSourcesBuildPhase section */
		651A97C42C942D2000750914 /* Sources */ = {
			isa = PBXSourcesBuildPhase;
			buildActionMask = 2147483647;
			files = (
				65B9BA692C997ADD006F3374 /* ImageFilterView.swift in Sources */,
				651A97E82C980E6A00750914 /* AlertError.swift in Sources */,
				65B9BA632C98DF5E006F3374 /* ImageEditingViewModel.swift in Sources */,
				65B9BA6B2C997AFB006F3374 /* ImageFilterViewModel.swift in Sources */,
				65B9BA612C98DED7006F3374 /* CanvasView.swift in Sources */,
				651A97DA2C9448FC00750914 /* AuthorizationViewModel.swift in Sources */,
				651A97CE2C942D2000750914 /* AuthorizationView.swift in Sources */,
				651A97EB2C9843B100750914 /* EditorView.swift in Sources */,
				651A97CC2C942D2000750914 /* PhotoEditorApp.swift in Sources */,
				65B9BA672C99763D006F3374 /* AccessCameraView.swift in Sources */,
				651A97E12C947AAB00750914 /* Modifiers.swift in Sources */,
			);
			runOnlyForDeploymentPostprocessing = 0;
		};
/* End PBXSourcesBuildPhase section */

/* Begin XCBuildConfiguration section */
		651A97D42C942D2200750914 /* Debug */ = {
			isa = XCBuildConfiguration;
			buildSettings = {
				ALWAYS_SEARCH_USER_PATHS = NO;
				ASSETCATALOG_COMPILER_GENERATE_SWIFT_ASSET_SYMBOL_EXTENSIONS = YES;
				CLANG_ANALYZER_NONNULL = YES;
				CLANG_ANALYZER_NUMBER_OBJECT_CONVERSION = YES_AGGRESSIVE;
				CLANG_CXX_LANGUAGE_STANDARD = "gnu++20";
				CLANG_ENABLE_MODULES = YES;
				CLANG_ENABLE_OBJC_ARC = YES;
				CLANG_ENABLE_OBJC_WEAK = YES;
				CLANG_WARN_BLOCK_CAPTURE_AUTORELEASING = YES;
				CLANG_WARN_BOOL_CONVERSION = YES;
				CLANG_WARN_COMMA = YES;
				CLANG_WARN_CONSTANT_CONVERSION = YES;
				CLANG_WARN_DEPRECATED_OBJC_IMPLEMENTATIONS = YES;
				CLANG_WARN_DIRECT_OBJC_ISA_USAGE = YES_ERROR;
				CLANG_WARN_DOCUMENTATION_COMMENTS = YES;
				CLANG_WARN_EMPTY_BODY = YES;
				CLANG_WARN_ENUM_CONVERSION = YES;
				CLANG_WARN_INFINITE_RECURSION = YES;
				CLANG_WARN_INT_CONVERSION = YES;
				CLANG_WARN_NON_LITERAL_NULL_CONVERSION = YES;
				CLANG_WARN_OBJC_IMPLICIT_RETAIN_SELF = YES;
				CLANG_WARN_OBJC_LITERAL_CONVERSION = YES;
				CLANG_WARN_OBJC_ROOT_CLASS = YES_ERROR;
				CLANG_WARN_QUOTED_INCLUDE_IN_FRAMEWORK_HEADER = YES;
				CLANG_WARN_RANGE_LOOP_ANALYSIS = YES;
				CLANG_WARN_STRICT_PROTOTYPES = YES;
				CLANG_WARN_SUSPICIOUS_MOVE = YES;
				CLANG_WARN_UNGUARDED_AVAILABILITY = YES_AGGRESSIVE;
				CLANG_WARN_UNREACHABLE_CODE = YES;
				CLANG_WARN__DUPLICATE_METHOD_MATCH = YES;
				COPY_PHASE_STRIP = NO;
				DEBUG_INFORMATION_FORMAT = dwarf;
				ENABLE_STRICT_OBJC_MSGSEND = YES;
				ENABLE_TESTABILITY = YES;
				ENABLE_USER_SCRIPT_SANDBOXING = YES;
				GCC_C_LANGUAGE_STANDARD = gnu17;
				GCC_DYNAMIC_NO_PIC = NO;
				GCC_NO_COMMON_BLOCKS = YES;
				GCC_OPTIMIZATION_LEVEL = 0;
				GCC_PREPROCESSOR_DEFINITIONS = (
					"DEBUG=1",
					"$(inherited)",
				);
				GCC_WARN_64_TO_32_BIT_CONVERSION = YES;
				GCC_WARN_ABOUT_RETURN_TYPE = YES_ERROR;
				GCC_WARN_UNDECLARED_SELECTOR = YES;
				GCC_WARN_UNINITIALIZED_AUTOS = YES_AGGRESSIVE;
				GCC_WARN_UNUSED_FUNCTION = YES;
				GCC_WARN_UNUSED_VARIABLE = YES;
				IPHONEOS_DEPLOYMENT_TARGET = 17.5;
				LOCALIZATION_PREFERS_STRING_CATALOGS = YES;
				MTL_ENABLE_DEBUG_INFO = INCLUDE_SOURCE;
				MTL_FAST_MATH = YES;
				ONLY_ACTIVE_ARCH = YES;
				SDKROOT = iphoneos;
				SWIFT_ACTIVE_COMPILATION_CONDITIONS = "DEBUG $(inherited)";
				SWIFT_OPTIMIZATION_LEVEL = "-Onone";
			};
			name = Debug;
		};
		651A97D52C942D2200750914 /* Release */ = {
			isa = XCBuildConfiguration;
			buildSettings = {
				ALWAYS_SEARCH_USER_PATHS = NO;
				ASSETCATALOG_COMPILER_GENERATE_SWIFT_ASSET_SYMBOL_EXTENSIONS = YES;
				CLANG_ANALYZER_NONNULL = YES;
				CLANG_ANALYZER_NUMBER_OBJECT_CONVERSION = YES_AGGRESSIVE;
				CLANG_CXX_LANGUAGE_STANDARD = "gnu++20";
				CLANG_ENABLE_MODULES = YES;
				CLANG_ENABLE_OBJC_ARC = YES;
				CLANG_ENABLE_OBJC_WEAK = YES;
				CLANG_WARN_BLOCK_CAPTURE_AUTORELEASING = YES;
				CLANG_WARN_BOOL_CONVERSION = YES;
				CLANG_WARN_COMMA = YES;
				CLANG_WARN_CONSTANT_CONVERSION = YES;
				CLANG_WARN_DEPRECATED_OBJC_IMPLEMENTATIONS = YES;
				CLANG_WARN_DIRECT_OBJC_ISA_USAGE = YES_ERROR;
				CLANG_WARN_DOCUMENTATION_COMMENTS = YES;
				CLANG_WARN_EMPTY_BODY = YES;
				CLANG_WARN_ENUM_CONVERSION = YES;
				CLANG_WARN_INFINITE_RECURSION = YES;
				CLANG_WARN_INT_CONVERSION = YES;
				CLANG_WARN_NON_LITERAL_NULL_CONVERSION = YES;
				CLANG_WARN_OBJC_IMPLICIT_RETAIN_SELF = YES;
				CLANG_WARN_OBJC_LITERAL_CONVERSION = YES;
				CLANG_WARN_OBJC_ROOT_CLASS = YES_ERROR;
				CLANG_WARN_QUOTED_INCLUDE_IN_FRAMEWORK_HEADER = YES;
				CLANG_WARN_RANGE_LOOP_ANALYSIS = YES;
				CLANG_WARN_STRICT_PROTOTYPES = YES;
				CLANG_WARN_SUSPICIOUS_MOVE = YES;
				CLANG_WARN_UNGUARDED_AVAILABILITY = YES_AGGRESSIVE;
				CLANG_WARN_UNREACHABLE_CODE = YES;
				CLANG_WARN__DUPLICATE_METHOD_MATCH = YES;
				COPY_PHASE_STRIP = NO;
				DEBUG_INFORMATION_FORMAT = "dwarf-with-dsym";
				ENABLE_NS_ASSERTIONS = NO;
				ENABLE_STRICT_OBJC_MSGSEND = YES;
				ENABLE_USER_SCRIPT_SANDBOXING = YES;
				GCC_C_LANGUAGE_STANDARD = gnu17;
				GCC_NO_COMMON_BLOCKS = YES;
				GCC_WARN_64_TO_32_BIT_CONVERSION = YES;
				GCC_WARN_ABOUT_RETURN_TYPE = YES_ERROR;
				GCC_WARN_UNDECLARED_SELECTOR = YES;
				GCC_WARN_UNINITIALIZED_AUTOS = YES_AGGRESSIVE;
				GCC_WARN_UNUSED_FUNCTION = YES;
				GCC_WARN_UNUSED_VARIABLE = YES;
				IPHONEOS_DEPLOYMENT_TARGET = 17.5;
				LOCALIZATION_PREFERS_STRING_CATALOGS = YES;
				MTL_ENABLE_DEBUG_INFO = NO;
				MTL_FAST_MATH = YES;
				SDKROOT = iphoneos;
				SWIFT_COMPILATION_MODE = wholemodule;
				VALIDATE_PRODUCT = YES;
			};
			name = Release;
		};
		651A97D72C942D2200750914 /* Debug */ = {
			isa = XCBuildConfiguration;
			buildSettings = {
				ASSETCATALOG_COMPILER_APPICON_NAME = AppIcon;
				ASSETCATALOG_COMPILER_GLOBAL_ACCENT_COLOR_NAME = AccentColor;
				CODE_SIGN_STYLE = Automatic;
				CURRENT_PROJECT_VERSION = 1;
				DEVELOPMENT_ASSET_PATHS = "\"PhotoEditor/Preview Content\"";
				DEVELOPMENT_TEAM = RWNR5M53QM;
				ENABLE_PREVIEWS = YES;
				GENERATE_INFOPLIST_FILE = YES;
				INFOPLIST_FILE = PhotoEditor/Info.plist;
				INFOPLIST_KEY_NSCameraUsageDescription = "";
				INFOPLIST_KEY_UIApplicationSceneManifest_Generation = YES;
				INFOPLIST_KEY_UIApplicationSupportsIndirectInputEvents = YES;
				INFOPLIST_KEY_UILaunchScreen_Generation = YES;
				INFOPLIST_KEY_UISupportedInterfaceOrientations_iPad = "UIInterfaceOrientationPortrait UIInterfaceOrientationPortraitUpsideDown UIInterfaceOrientationLandscapeLeft UIInterfaceOrientationLandscapeRight";
				INFOPLIST_KEY_UISupportedInterfaceOrientations_iPhone = "UIInterfaceOrientationPortrait UIInterfaceOrientationLandscapeLeft UIInterfaceOrientationLandscapeRight";
				LD_RUNPATH_SEARCH_PATHS = (
					"$(inherited)",
					"@executable_path/Frameworks",
				);
				MARKETING_VERSION = 1.0;
				PRODUCT_BUNDLE_IDENTIFIER = photoEditor.PhotoEditor;
				PRODUCT_NAME = "$(TARGET_NAME)";
				SWIFT_EMIT_LOC_STRINGS = YES;
				SWIFT_VERSION = 5.0;
				TARGETED_DEVICE_FAMILY = "1,2";
			};
			name = Debug;
		};
		651A97D82C942D2200750914 /* Release */ = {
			isa = XCBuildConfiguration;
			buildSettings = {
				ASSETCATALOG_COMPILER_APPICON_NAME = AppIcon;
				ASSETCATALOG_COMPILER_GLOBAL_ACCENT_COLOR_NAME = AccentColor;
				CODE_SIGN_STYLE = Automatic;
				CURRENT_PROJECT_VERSION = 1;
				DEVELOPMENT_ASSET_PATHS = "\"PhotoEditor/Preview Content\"";
				DEVELOPMENT_TEAM = RWNR5M53QM;
				ENABLE_PREVIEWS = YES;
				GENERATE_INFOPLIST_FILE = YES;
				INFOPLIST_FILE = PhotoEditor/Info.plist;
				INFOPLIST_KEY_NSCameraUsageDescription = "";
				INFOPLIST_KEY_UIApplicationSceneManifest_Generation = YES;
				INFOPLIST_KEY_UIApplicationSupportsIndirectInputEvents = YES;
				INFOPLIST_KEY_UILaunchScreen_Generation = YES;
				INFOPLIST_KEY_UISupportedInterfaceOrientations_iPad = "UIInterfaceOrientationPortrait UIInterfaceOrientationPortraitUpsideDown UIInterfaceOrientationLandscapeLeft UIInterfaceOrientationLandscapeRight";
				INFOPLIST_KEY_UISupportedInterfaceOrientations_iPhone = "UIInterfaceOrientationPortrait UIInterfaceOrientationLandscapeLeft UIInterfaceOrientationLandscapeRight";
				LD_RUNPATH_SEARCH_PATHS = (
					"$(inherited)",
					"@executable_path/Frameworks",
				);
				MARKETING_VERSION = 1.0;
				PRODUCT_BUNDLE_IDENTIFIER = photoEditor.PhotoEditor;
				PRODUCT_NAME = "$(TARGET_NAME)";
				SWIFT_EMIT_LOC_STRINGS = YES;
				SWIFT_VERSION = 5.0;
				TARGETED_DEVICE_FAMILY = "1,2";
			};
			name = Release;
		};
/* End XCBuildConfiguration section */

/* Begin XCConfigurationList section */
		651A97C32C942D2000750914 /* Build configuration list for PBXProject "PhotoEditor" */ = {
			isa = XCConfigurationList;
			buildConfigurations = (
				651A97D42C942D2200750914 /* Debug */,
				651A97D52C942D2200750914 /* Release */,
			);
			defaultConfigurationIsVisible = 0;
			defaultConfigurationName = Release;
		};
		651A97D62C942D2200750914 /* Build configuration list for PBXNativeTarget "PhotoEditor" */ = {
			isa = XCConfigurationList;
			buildConfigurations = (
				651A97D72C942D2200750914 /* Debug */,
				651A97D82C942D2200750914 /* Release */,
			);
			defaultConfigurationIsVisible = 0;
			defaultConfigurationName = Release;
		};
/* End XCConfigurationList section */

/* Begin XCRemoteSwiftPackageReference section */
		651A97DB2C944E2000750914 /* XCRemoteSwiftPackageReference "firebase-ios-sdk" */ = {
			isa = XCRemoteSwiftPackageReference;
			repositoryURL = "https://github.com/firebase/firebase-ios-sdk.git";
			requirement = {
				kind = upToNextMajorVersion;
				minimumVersion = 11.2.0;
			};
		};
		651A97E22C9771AC00750914 /* XCRemoteSwiftPackageReference "GoogleSignIn-iOS" */ = {
			isa = XCRemoteSwiftPackageReference;
			repositoryURL = "https://github.com/google/GoogleSignIn-iOS";
			requirement = {
				kind = upToNextMajorVersion;
				minimumVersion = 8.0.0;
			};
		};
/* End XCRemoteSwiftPackageReference section */

/* Begin XCSwiftPackageProductDependency section */
		651A97DC2C944E2000750914 /* FirebaseAuth */ = {
			isa = XCSwiftPackageProductDependency;
			package = 651A97DB2C944E2000750914 /* XCRemoteSwiftPackageReference "firebase-ios-sdk" */;
			productName = FirebaseAuth;
		};
		651A97E32C9771AC00750914 /* GoogleSignIn */ = {
			isa = XCSwiftPackageProductDependency;
			package = 651A97E22C9771AC00750914 /* XCRemoteSwiftPackageReference "GoogleSignIn-iOS" */;
			productName = GoogleSignIn;
		};
		651A97E52C9771AC00750914 /* GoogleSignInSwift */ = {
			isa = XCSwiftPackageProductDependency;
			package = 651A97E22C9771AC00750914 /* XCRemoteSwiftPackageReference "GoogleSignIn-iOS" */;
			productName = GoogleSignInSwift;
		};
/* End XCSwiftPackageProductDependency section */
	};
	rootObject = 651A97C02C942D2000750914 /* Project object */;
}
